<?xml version="1.0" encoding="utf-8"?>
<Project ToolsVersion="4.0" xmlns="http://schemas.microsoft.com/developer/msbuild/2003">
  <ItemGroup>
    <Filter Include="Source Files">
      <UniqueIdentifier>{4FC737F1-C7A5-4376-A066-2A32D752A2FF}</UniqueIdentifier>
      <Extensions>cpp;c;cc;cxx;def;odl;idl;hpj;bat;asm;asmx</Extensions>
    </Filter>
    <Filter Include="Header Files">
      <UniqueIdentifier>{93995380-89BD-4b04-88EB-625FBE52EBFB}</UniqueIdentifier>
      <Extensions>h;hh;hpp;hxx;hm;inl;inc;xsd</Extensions>
    </Filter>
    <Filter Include="Resource Files">
      <UniqueIdentifier>{D9D6E242-F8AF-46E4-B9FD-80ECBC20BA3E}</UniqueIdentifier>
      <Extensions>qrc;*</Extensions>
      <ParseFiles>false</ParseFiles>
    </Filter>
    <Filter Include="Form Files">
      <UniqueIdentifier>{99349809-55BA-4b9d-BF79-8FDBB0286EB3}</UniqueIdentifier>
      <Extensions>ui</Extensions>
    </Filter>
    <Filter Include="Resource Files">
      <UniqueIdentifier>{D9D6E242-F8AF-46E4-B9FD-80ECBC20BA3E}</UniqueIdentifier>
      <Extensions>qrc;*</Extensions>
      <ParseFiles>false</ParseFiles>
    </Filter>
    <Filter Include="Generated Files">
      <UniqueIdentifier>{71ED8ED8-ACB9-4CE9-BBE1-E00B30144E11}</UniqueIdentifier>
      <Extensions>moc;h;cpp</Extensions>
      <SourceControlFiles>False</SourceControlFiles>
    </Filter>
  </ItemGroup>
  <ItemGroup>
    <ClCompile Include="RpcViewMain\RpcView\RpcView.cpp">
      <Filter>Source Files</Filter>
    </ClCompile>
    <ClCompile Include="RpcViewMain\RpcView\ConfigurationVisitor.cpp">
      <Filter>Source Files</Filter>
    </ClCompile>
    <ClCompile Include="RpcViewMain\RpcView\DecompilationWidget.cpp">
      <Filter>Source Files</Filter>
    </ClCompile>
    <ClCompile Include="RpcViewMain\RpcView\EndpointSelectedVisitor.cpp">
      <Filter>Source Files</Filter>
    </ClCompile>
    <ClCompile Include="RpcViewMain\RpcView\EndpointsWidget.cpp">
      <Filter>Source Files</Filter>
    </ClCompile>
    <ClCompile Include="RpcViewMain\RpcView\FilterWidget.cpp">
      <Filter>Source Files</Filter>
    </ClCompile>
    <ClCompile Include="RpcViewMain\RpcView\InitViewsVisitor.cpp">
      <Filter>Source Files</Filter>
    </ClCompile>
    <ClCompile Include="RpcViewMain\RpcView\InterfaceInfoWidget.cpp">
      <Filter>Source Files</Filter>
    </ClCompile>
    <ClCompile Include="RpcViewMain\RpcView\InterfaceSelectedVisitor.cpp">
      <Filter>Source Files</Filter>
    </ClCompile>
    <ClCompile Include="RpcViewMain\RpcView\InterfacesWidget.cpp">
      <Filter>Source Files</Filter>
    </ClCompile>
    <ClCompile Include="RpcViewMain\RpcView\MainWindow.cpp">
      <Filter>Source Files</Filter>
    </ClCompile>
    <ClCompile Include="RpcViewMain\RpcCommon\Misc.c">
      <Filter>Source Files</Filter>
    </ClCompile>
    <ClCompile Include="RpcViewMain\RpcCommon\ntdll.c">
      <Filter>Source Files</Filter>
    </ClCompile>
    <ClCompile Include="RpcViewMain\RpcView\Pdb.c">
      <Filter>Source Files</Filter>
    </ClCompile>
    <ClCompile Include="RpcViewMain\RpcView\ProceduresWidget.cpp">
      <Filter>Source Files</Filter>
    </ClCompile>
    <ClCompile Include="RpcViewMain\RpcView\ProcessInfoWidget.cpp">
      <Filter>Source Files</Filter>
    </ClCompile>
    <ClCompile Include="RpcViewMain\RpcView\ProcessSelectedVisitor.cpp">
      <Filter>Source Files</Filter>
    </ClCompile>
    <ClCompile Include="RpcViewMain\RpcView\ProcessWidget.cpp">
      <Filter>Source Files</Filter>
    </ClCompile>
    <ClCompile Include="RpcViewMain\RpcView\RefreshVisitor.cpp">
      <Filter>Source Files</Filter>
    </ClCompile>
    <ClCompile Include="RpcViewMain\RpcView\RpcCoreManager.c">
      <Filter>Source Files</Filter>
    </ClCompile>
    <ClCompile Include="RpcViewMain\RpcView\IdlHighlighter.cpp">
      <Filter>Source Files</Filter>
    </ClCompile>
  </ItemGroup>
  <ItemGroup>
    <QtMoc Include="RpcViewMain\RpcView\DecompilationWidget.h">
      <Filter>Header Files</Filter>
    </QtMoc>
    <QtMoc Include="RpcViewMain\RpcView\EndpointsWidget.h">
      <Filter>Header Files</Filter>
    </QtMoc>
    <QtMoc Include="RpcViewMain\RpcView\EulaDialog.h">
      <Filter>Header Files</Filter>
    </QtMoc>
    <QtMoc Include="RpcViewMain\RpcView\FilterWidget.h">
      <Filter>Header Files</Filter>
    </QtMoc>
    <QtMoc Include="RpcViewMain\RpcView\IdlHighlighter.h">
      <Filter>Header Files</Filter>
    </QtMoc>
    <QtMoc Include="RpcViewMain\RpcView\InterfaceInfoWidget.h">
      <Filter>Header Files</Filter>
    </QtMoc>
    <QtMoc Include="RpcViewMain\RpcView\InterfacesWidget.h">
      <Filter>Header Files</Filter>
    </QtMoc>
    <QtMoc Include="RpcViewMain\RpcView\MainWindow.h">
      <Filter>Header Files</Filter>
    </QtMoc>
    <QtMoc Include="RpcViewMain\RpcView\ProceduresWidget.h">
      <Filter>Header Files</Filter>
    </QtMoc>
    <QtMoc Include="RpcViewMain\RpcView\ProcessInfoWidget.h">
      <Filter>Header Files</Filter>
    </QtMoc>
    <QtMoc Include="RpcViewMain\RpcView\ProcessWidget.h">
      <Filter>Header Files</Filter>
    </QtMoc>
  </ItemGroup>
  <ItemGroup>
    <ClInclude Include="RpcViewMain\RpcView\ViewFactory.h">
      <Filter>Header Files</Filter>
    </ClInclude>
    <ClInclude Include="RpcViewMain\RpcView\ViewVisitor.h">
      <Filter>Header Files</Filter>
    </ClInclude>
    <ClInclude Include="RpcViewMain\RpcView\RpcViewVersion.h">
      <Filter>Header Files</Filter>
    </ClInclude>
    <ClInclude Include="RpcViewMain\RpcDecompiler\internalRpcDecompTypeDefs.h">
      <Filter>Header Files</Filter>
    </ClInclude>
    <ClInclude Include="RpcViewMain\RpcView\ConfigurationVisitor.h">
      <Filter>Header Files</Filter>
    </ClInclude>
    <ClInclude Include="RpcViewMain\RpcView\EndpointSelectedVisitor.h">
      <Filter>Header Files</Filter>
    </ClInclude>
    <ClInclude Include="RpcViewMain\RpcDecompiler\IdlFunction.h">
      <Filter>Header Files</Filter>
    </ClInclude>
    <ClInclude Include="RpcViewMain\RpcDecompiler\IdlInterface.h">
      <Filter>Header Files</Filter>
    </ClInclude>
    <ClInclude Include="RpcViewMain\RpcDecompiler\IdlType.h">
      <Filter>Header Files</Filter>
    </ClInclude>
    <ClInclude Include="RpcViewMain\RpcView\InitViewsVisitor.h">
      <Filter>Header Files</Filter>
    </ClInclude>
    <ClInclude Include="RpcViewMain\RpcView\InterfaceSelectedVisitor.h">
      <Filter>Header Files</Filter>
    </ClInclude>
    <ClInclude Include="RpcViewMain\RpcDecompiler\internalComplexTypesArrays.h">
      <Filter>Header Files</Filter>
    </ClInclude>
    <ClInclude Include="RpcViewMain\RpcDecompiler\InternalComplexTypesMisc.h">
      <Filter>Header Files</Filter>
    </ClInclude>
    <ClInclude Include="RpcViewMain\RpcDecompiler\internalComplexTypesPointers.h">
      <Filter>Header Files</Filter>
    </ClInclude>
    <ClInclude Include="RpcViewMain\RpcDecompiler\internalComplexTypesStrings.h">
      <Filter>Header Files</Filter>
    </ClInclude>
    <ClInclude Include="RpcViewMain\RpcDecompiler\internalComplexTypesStructs.h">
      <Filter>Header Files</Filter>
    </ClInclude>
    <ClInclude Include="RpcViewMain\RpcDecompiler\internalComplexTypesUnions.h">
      <Filter>Header Files</Filter>
    </ClInclude>
    <ClInclude Include="RpcViewMain\RpcDecompiler\internalRpcDecompiler.h">
      <Filter>Header Files</Filter>
    </ClInclude>
    <ClInclude Include="RpcViewMain\RpcDecompiler\internalRpcDecompTypeDefsNew.h">
      <Filter>Header Files</Filter>
    </ClInclude>
    <ClInclude Include="RpcViewMain\RpcDecompiler\internalRpcUtils.h">
      <Filter>Header Files</Filter>
    </ClInclude>
    <ClInclude Include="RpcViewMain\RpcDecompiler\internalTypeTools.h">
      <Filter>Header Files</Filter>
    </ClInclude>
    <ClInclude Include="RpcViewMain\RpcCommon\Misc.h">
      <Filter>Header Files</Filter>
    </ClInclude>
    <ClInclude Include="RpcViewMain\RpcCommon\ntdll.h">
      <Filter>Header Files</Filter>
    </ClInclude>
    <ClInclude Include="RpcViewMain\RpcView\Pdb.h">
      <Filter>Header Files</Filter>
    </ClInclude>
    <ClInclude Include="RpcViewMain\RpcView\ProcessEntry.h">
      <Filter>Header Files</Filter>
    </ClInclude>
    <ClInclude Include="RpcViewMain\RpcView\ProcessSelectedVisitor.h">
      <Filter>Header Files</Filter>
    </ClInclude>
    <ClInclude Include="RpcViewMain\Qt\Qt.h">
      <Filter>Header Files</Filter>
    </ClInclude>
    <ClInclude Include="RpcViewMain\RpcView\RefreshVisitor.h">
      <Filter>Header Files</Filter>
    </ClInclude>
    <ClInclude Include="RpcViewMain\RpcCommon\RpcCommon.h">
      <Filter>Header Files</Filter>
    </ClInclude>
    <ClInclude Include="RpcViewMain\RpcCore\RpcCore.h">
      <Filter>Header Files</Filter>
    </ClInclude>
    <ClInclude Include="RpcViewMain\RpcDecompiler\RpcDecompiler.h">
      <Filter>Header Files</Filter>
    </ClInclude>
    <ClInclude Include="RpcViewMain\RpcCore\RpcCore2_64bits\RpcInternals.h">
      <Filter>Header Files</Filter>
    </ClInclude>
    <ClInclude Include="RpcViewMain\RpcCore\RpcInternalsCommon.h">
      <Filter>Header Files</Filter>
    </ClInclude>
    <ClInclude Include="RpcViewMain\RpcCommon\RpcView.h">
      <Filter>Header Files</Filter>
    </ClInclude>
    <ClInclude Include="RpcViewMain\RpcView\RpcViewResource.h">
      <Filter>Header Files</Filter>
    </ClInclude>
    <ClInclude Include="RpcViewMain\RpcView\View.h">
      <Filter>Header Files</Filter>
    </ClInclude>
    <ClInclude Include="resource.h">
      <Filter>Header Files</Filter>
    </ClInclude>
  </ItemGroup>
  <ItemGroup>
    <Image Include="RpcViewMain\RpcView\Uac.ico">
      <Filter>Source Files</Filter>
    </Image>
    <Image Include="RpcViewMain\RpcView\Main.ico">
      <Filter>Source Files</Filter>
    </Image>
  </ItemGroup>
  <ItemGroup>
    <ResourceCompile Include="MyRpcView.rc" />
  </ItemGroup>
</Project>