
Microsoft Visual Studio Solution File, Format Version 12.00
# Visual Studio 2013
VisualStudioVersion = 12.0.40629.0
MinimumVisualStudioVersion = 10.0.40219.1
Project("{8BC9CEB8-8B4A-11D0-8D11-00A0C91BC942}") = "MyRpcView", "MyRpcView\MyRpcView.vcxproj", "{B12702AD-ABFB-343A-A199-8E24837244A3}"
EndProject
Project("{8BC9CEB8-8B4A-11D0-8D11-00A0C91BC942}") = "RpcCore", "RpcCore\RpcCore.vcxproj", "{684EA140-4DEE-4FC2-8533-19CCF1469810}"
EndProject
Project("{8BC9CEB8-8B4A-11D0-8D11-00A0C91BC942}") = "RpcDecompiler", "RpcDecompiler\RpcDecompiler.vcxproj", "{CA0A0DF5-5C36-4BAF-A372-5BDF735CD1D3}"
EndProject
Global
	GlobalSection(SolutionConfigurationPlatforms) = preSolution
		Debug|Mixed Platforms = Debug|Mixed Platforms
		Debug|Win32 = Debug|Win32
		Debug|x64 = Debug|x64
		Release|Mixed Platforms = Release|Mixed Platforms
		Release|Win32 = Release|Win32
		Release|x64 = Release|x64
	EndGlobalSection
	GlobalSection(ProjectConfigurationPlatforms) = postSolution
		{B12702AD-ABFB-343A-A199-8E24837244A3}.Debug|Mixed Platforms.ActiveCfg = Debug|x64
		{B12702AD-ABFB-343A-A199-8E24837244A3}.Debug|Mixed Platforms.Build.0 = Debug|x64
		{B12702AD-ABFB-343A-A199-8E24837244A3}.Debug|Win32.ActiveCfg = Debug|x64
		{B12702AD-ABFB-343A-A199-8E24837244A3}.Debug|x64.ActiveCfg = Debug|x64
		{B12702AD-ABFB-343A-A199-8E24837244A3}.Debug|x64.Build.0 = Debug|x64
		{B12702AD-ABFB-343A-A199-8E24837244A3}.Release|Mixed Platforms.ActiveCfg = Release|x64
		{B12702AD-ABFB-343A-A199-8E24837244A3}.Release|Mixed Platforms.Build.0 = Release|x64
		{B12702AD-ABFB-343A-A199-8E24837244A3}.Release|Win32.ActiveCfg = Release|x64
		{B12702AD-ABFB-343A-A199-8E24837244A3}.Release|x64.ActiveCfg = Release|x64
		{B12702AD-ABFB-343A-A199-8E24837244A3}.Release|x64.Build.0 = Release|x64
		{684EA140-4DEE-4FC2-8533-19CCF1469810}.Debug|Mixed Platforms.ActiveCfg = Debug|Win32
		{684EA140-4DEE-4FC2-8533-19CCF1469810}.Debug|Mixed Platforms.Build.0 = Debug|Win32
		{684EA140-4DEE-4FC2-8533-19CCF1469810}.Debug|Win32.ActiveCfg = Debug|Win32
		{684EA140-4DEE-4FC2-8533-19CCF1469810}.Debug|Win32.Build.0 = Debug|Win32
		{684EA140-4DEE-4FC2-8533-19CCF1469810}.Debug|x64.ActiveCfg = Debug|x64
		{684EA140-4DEE-4FC2-8533-19CCF1469810}.Debug|x64.Build.0 = Debug|x64
		{684EA140-4DEE-4FC2-8533-19CCF1469810}.Release|Mixed Platforms.ActiveCfg = Release|Win32
		{684EA140-4DEE-4FC2-8533-19CCF1469810}.Release|Mixed Platforms.Build.0 = Release|Win32
		{684EA140-4DEE-4FC2-8533-19CCF1469810}.Release|Win32.ActiveCfg = Release|Win32
		{684EA140-4DEE-4FC2-8533-19CCF1469810}.Release|Win32.Build.0 = Release|Win32
		{684EA140-4DEE-4FC2-8533-19CCF1469810}.Release|x64.ActiveCfg = Release|Win32
		{CA0A0DF5-5C36-4BAF-A372-5BDF735CD1D3}.Debug|Mixed Platforms.ActiveCfg = Debug|Win32
		{CA0A0DF5-5C36-4BAF-A372-5BDF735CD1D3}.Debug|Mixed Platforms.Build.0 = Debug|Win32
		{CA0A0DF5-5C36-4BAF-A372-5BDF735CD1D3}.Debug|Win32.ActiveCfg = Debug|Win32
		{CA0A0DF5-5C36-4BAF-A372-5BDF735CD1D3}.Debug|Win32.Build.0 = Debug|Win32
		{CA0A0DF5-5C36-4BAF-A372-5BDF735CD1D3}.Debug|x64.ActiveCfg = Debug|x64
		{CA0A0DF5-5C36-4BAF-A372-5BDF735CD1D3}.Debug|x64.Build.0 = Debug|x64
		{CA0A0DF5-5C36-4BAF-A372-5BDF735CD1D3}.Release|Mixed Platforms.ActiveCfg = Release|Win32
		{CA0A0DF5-5C36-4BAF-A372-5BDF735CD1D3}.Release|Mixed Platforms.Build.0 = Release|Win32
		{CA0A0DF5-5C36-4BAF-A372-5BDF735CD1D3}.Release|Win32.ActiveCfg = Release|Win32
		{CA0A0DF5-5C36-4BAF-A372-5BDF735CD1D3}.Release|Win32.Build.0 = Release|Win32
		{CA0A0DF5-5C36-4BAF-A372-5BDF735CD1D3}.Release|x64.ActiveCfg = Release|Win32
	EndGlobalSection
	GlobalSection(SolutionProperties) = preSolution
		HideSolutionNode = FALSE
	EndGlobalSection
EndGlobal
